// !$*UTF8*$!
{
	archiveVersion = 1;
	classes = {
	};
	objectVersion = 50;
	objects = {

/* Begin PBXBuildFile section */
		980FFF0E233C41E000E2B91C /* AppDelegate.swift in Sources */ = {isa = PBXBuildFile; fileRef = 980FFF0D233C41E000E2B91C /* AppDelegate.swift */; };
		980FFF10233C41E000E2B91C /* SceneDelegate.swift in Sources */ = {isa = PBXBuildFile; fileRef = 980FFF0F233C41E000E2B91C /* SceneDelegate.swift */; };
		980FFF12233C41E000E2B91C /* ContentView.swift in Sources */ = {isa = PBXBuildFile; fileRef = 980FFF11233C41E000E2B91C /* ContentView.swift */; };
		980FFF14233C41E400E2B91C /* Assets.xcassets in Resources */ = {isa = PBXBuildFile; fileRef = 980FFF13233C41E400E2B91C /* Assets.xcassets */; };
		980FFF17233C41E400E2B91C /* Preview Assets.xcassets in Resources */ = {isa = PBXBuildFile; fileRef = 980FFF16233C41E400E2B91C /* Preview Assets.xcassets */; };
		980FFF1A233C41E400E2B91C /* LaunchScreen.storyboard in Resources */ = {isa = PBXBuildFile; fileRef = 980FFF18233C41E400E2B91C /* LaunchScreen.storyboard */; };
		980FFF25233C41E400E2B91C /* ZzCalculatorTests.swift in Sources */ = {isa = PBXBuildFile; fileRef = 980FFF24233C41E400E2B91C /* ZzCalculatorTests.swift */; };
		980FFF30233C41E500E2B91C /* ZzCalculatorUITests.swift in Sources */ = {isa = PBXBuildFile; fileRef = 980FFF2F233C41E500E2B91C /* ZzCalculatorUITests.swift */; };
		986CF374233C510A0083CA89 /* CalculatorButtonItem.swift in Sources */ = {isa = PBXBuildFile; fileRef = 986CF373233C510A0083CA89 /* CalculatorButtonItem.swift */; };
		986CF376233C992A0083CA89 /* CalculatorBrain.swift in Sources */ = {isa = PBXBuildFile; fileRef = 986CF375233C992A0083CA89 /* CalculatorBrain.swift */; };
/* End PBXBuildFile section */

/* Begin PBXContainerItemProxy section */
		980FFF21233C41E400E2B91C /* PBXContainerItemProxy */ = {
			isa = PBXContainerItemProxy;
			containerPortal = 980FFF02233C41E000E2B91C /* Project object */;
			proxyType = 1;
			remoteGlobalIDString = 980FFF09233C41E000E2B91C;
			remoteInfo = ZzCalculator;
		};
		980FFF2C233C41E500E2B91C /* PBXContainerItemProxy */ = {
			isa = PBXContainerItemProxy;
			containerPortal = 980FFF02233C41E000E2B91C /* Project object */;
			proxyType = 1;
			remoteGlobalIDString = 980FFF09233C41E000E2B91C;
			remoteInfo = ZzCalculator;
		};
/* End PBXContainerItemProxy section */

/* Begin PBXFileReference section */
		980FFF0A233C41E000E2B91C /* ZzCalculator.app */ = {isa = PBXFileReference; explicitFileType = wrapper.application; includeInIndex = 0; path = ZzCalculator.app; sourceTree = BUILT_PRODUCTS_DIR; };
		980FFF0D233C41E000E2B91C /* AppDelegate.swift */ = {isa = PBXFileReference; lastKnownFileType = sourcecode.swift; path = AppDelegate.swift; sourceTree = "<group>"; };
		980FFF0F233C41E000E2B91C /* SceneDelegate.swift */ = {isa = PBXFileReference; lastKnownFileType = sourcecode.swift; path = SceneDelegate.swift; sourceTree = "<group>"; };
		980FFF11233C41E000E2B91C /* ContentView.swift */ = {isa = PBXFileReference; lastKnownFileType = sourcecode.swift; path = ContentView.swift; sourceTree = "<group>"; };
		980FFF13233C41E400E2B91C /* Assets.xcassets */ = {isa = PBXFileReference; lastKnownFileType = folder.assetcatalog; path = Assets.xcassets; sourceTree = "<group>"; };
		980FFF16233C41E400E2B91C /* Preview Assets.xcassets */ = {isa = PBXFileReference; lastKnownFileType = folder.assetcatalog; path = "Preview Assets.xcassets"; sourceTree = "<group>"; };
		980FFF19233C41E400E2B91C /* Base */ = {isa = PBXFileReference; lastKnownFileType = file.storyboard; name = Base; path = Base.lproj/LaunchScreen.storyboard; sourceTree = "<group>"; };
		980FFF1B233C41E400E2B91C /* Info.plist */ = {isa = PBXFileReference; lastKnownFileType = text.plist.xml; path = Info.plist; sourceTree = "<group>"; };
		980FFF20233C41E400E2B91C /* ZzCalculatorTests.xctest */ = {isa = PBXFileReference; explicitFileType = wrapper.cfbundle; includeInIndex = 0; path = ZzCalculatorTests.xctest; sourceTree = BUILT_PRODUCTS_DIR; };
		980FFF24233C41E400E2B91C /* ZzCalculatorTests.swift */ = {isa = PBXFileReference; lastKnownFileType = sourcecode.swift; path = ZzCalculatorTests.swift; sourceTree = "<group>"; };
		980FFF26233C41E400E2B91C /* Info.plist */ = {isa = PBXFileReference; lastKnownFileType = text.plist.xml; path = Info.plist; sourceTree = "<group>"; };
		980FFF2B233C41E500E2B91C /* ZzCalculatorUITests.xctest */ = {isa = PBXFileReference; explicitFileType = wrapper.cfbundle; includeInIndex = 0; path = ZzCalculatorUITests.xctest; sourceTree = BUILT_PRODUCTS_DIR; };
		980FFF2F233C41E500E2B91C /* ZzCalculatorUITests.swift */ = {isa = PBXFileReference; lastKnownFileType = sourcecode.swift; path = ZzCalculatorUITests.swift; sourceTree = "<group>"; };
		980FFF31233C41E500E2B91C /* Info.plist */ = {isa = PBXFileReference; lastKnownFileType = text.plist.xml; path = Info.plist; sourceTree = "<group>"; };
		986CF373233C510A0083CA89 /* CalculatorButtonItem.swift */ = {isa = PBXFileReference; lastKnownFileType = sourcecode.swift; name = CalculatorButtonItem.swift; path = "../../../../../../System/Volumes/Data/Users/zhoudengjie/文档/zz/ZzCalculator/ZzCalculator/CalculatorButtonItem.swift"; sourceTree = "<group>"; };
		986CF375233C992A0083CA89 /* CalculatorBrain.swift */ = {isa = PBXFileReference; lastKnownFileType = sourcecode.swift; name = CalculatorBrain.swift; path = "../../../../../../System/Volumes/Data/Users/zhoudengjie/文档/zz/ZzCalculator/ZzCalculator/CalculatorBrain.swift"; sourceTree = "<group>"; };
/* End PBXFileReference section */

/* Begin PBXFrameworksBuildPhase section */
		980FFF07233C41E000E2B91C /* Frameworks */ = {
			isa = PBXFrameworksBuildPhase;
			buildActionMask = 2147483647;
			files = (
			);
			runOnlyForDeploymentPostprocessing = 0;
		};
		980FFF1D233C41E400E2B91C /* Frameworks */ = {
			isa = PBXFrameworksBuildPhase;
			buildActionMask = 2147483647;
			files = (
			);
			runOnlyForDeploymentPostprocessing = 0;
		};
		980FFF28233C41E500E2B91C /* Frameworks */ = {
			isa = PBXFrameworksBuildPhase;
			buildActionMask = 2147483647;
			files = (
			);
			runOnlyForDeploymentPostprocessing = 0;
		};
/* End PBXFrameworksBuildPhase section */

/* Begin PBXGroup section */
		980FFF01233C41E000E2B91C = {
			isa = PBXGroup;
			children = (
				980FFF0C233C41E000E2B91C /* ZzCalculator */,
				980FFF23233C41E400E2B91C /* ZzCalculatorTests */,
				980FFF2E233C41E500E2B91C /* ZzCalculatorUITests */,
				980FFF0B233C41E000E2B91C /* Products */,
			);
			sourceTree = "<group>";
		};
		980FFF0B233C41E000E2B91C /* Products */ = {
			isa = PBXGroup;
			children = (
				980FFF0A233C41E000E2B91C /* ZzCalculator.app */,
				980FFF20233C41E400E2B91C /* ZzCalculatorTests.xctest */,
				980FFF2B233C41E500E2B91C /* ZzCalculatorUITests.xctest */,
			);
			name = Products;
			sourceTree = "<group>";
		};
		980FFF0C233C41E000E2B91C /* ZzCalculator */ = {
			isa = PBXGroup;
			children = (
				980FFF0D233C41E000E2B91C /* AppDelegate.swift */,
				980FFF0F233C41E000E2B91C /* SceneDelegate.swift */,
				980FFF11233C41E000E2B91C /* ContentView.swift */,
				980FFF13233C41E400E2B91C /* Assets.xcassets */,
				980FFF18233C41E400E2B91C /* LaunchScreen.storyboard */,
				980FFF1B233C41E400E2B91C /* Info.plist */,
				980FFF15233C41E400E2B91C /* Preview Content */,
				986CF373233C510A0083CA89 /* CalculatorButtonItem.swift */,
				986CF375233C992A0083CA89 /* CalculatorBrain.swift */,
			);
			path = ZzCalculator;
			sourceTree = "<group>";
		};
		980FFF15233C41E400E2B91C /* Preview Content */ = {
			isa = PBXGroup;
			children = (
				980FFF16233C41E400E2B91C /* Preview Assets.xcassets */,
			);
			path = "Preview Content";
			sourceTree = "<group>";
		};
		980FFF23233C41E400E2B91C /* ZzCalculatorTests */ = {
			isa = PBXGroup;
			children = (
				980FFF24233C41E400E2B91C /* ZzCalculatorTests.swift */,
				980FFF26233C41E400E2B91C /* Info.plist */,
			);
			path = ZzCalculatorTests;
			sourceTree = "<group>";
		};
		980FFF2E233C41E500E2B91C /* ZzCalculatorUITests */ = {
			isa = PBXGroup;
			children = (
				980FFF2F233C41E500E2B91C /* ZzCalculatorUITests.swift */,
				980FFF31233C41E500E2B91C /* Info.plist */,
			);
			path = ZzCalculatorUITests;
			sourceTree = "<group>";
		};
/* End PBXGroup section */

/* Begin PBXNativeTarget section */
		980FFF09233C41E000E2B91C /* ZzCalculator */ = {
			isa = PBXNativeTarget;
			buildConfigurationList = 980FFF34233C41E500E2B91C /* Build configuration list for PBXNativeTarget "ZzCalculator" */;
			buildPhases = (
				980FFF06233C41E000E2B91C /* Sources */,
				980FFF07233C41E000E2B91C /* Frameworks */,
				980FFF08233C41E000E2B91C /* Resources */,
			);
			buildRules = (
			);
			dependencies = (
			);
			name = ZzCalculator;
			productName = ZzCalculator;
			productReference = 980FFF0A233C41E000E2B91C /* ZzCalculator.app */;
			productType = "com.apple.product-type.application";
		};
		980FFF1F233C41E400E2B91C /* ZzCalculatorTests */ = {
			isa = PBXNativeTarget;
			buildConfigurationList = 980FFF37233C41E500E2B91C /* Build configuration list for PBXNativeTarget "ZzCalculatorTests" */;
			buildPhases = (
				980FFF1C233C41E400E2B91C /* Sources */,
				980FFF1D233C41E400E2B91C /* Frameworks */,
				980FFF1E233C41E400E2B91C /* Resources */,
			);
			buildRules = (
			);
			dependencies = (
				980FFF22233C41E400E2B91C /* PBXTargetDependency */,
			);
			name = ZzCalculatorTests;
			productName = ZzCalculatorTests;
			productReference = 980FFF20233C41E400E2B91C /* ZzCalculatorTests.xctest */;
			productType = "com.apple.product-type.bundle.unit-test";
		};
		980FFF2A233C41E500E2B91C /* ZzCalculatorUITests */ = {
			isa = PBXNativeTarget;
			buildConfigurationList = 980FFF3A233C41E500E2B91C /* Build configuration list for PBXNativeTarget "ZzCalculatorUITests" */;
			buildPhases = (
				980FFF27233C41E500E2B91C /* Sources */,
				980FFF28233C41E500E2B91C /* Frameworks */,
				980FFF29233C41E500E2B91C /* Resources */,
			);
			buildRules = (
			);
			dependencies = (
				980FFF2D233C41E500E2B91C /* PBXTargetDependency */,
			);
			name = ZzCalculatorUITests;
			productName = ZzCalculatorUITests;
			productReference = 980FFF2B233C41E500E2B91C /* ZzCalculatorUITests.xctest */;
			productType = "com.apple.product-type.bundle.ui-testing";
		};
/* End PBXNativeTarget section */

/* Begin PBXProject section */
		980FFF02233C41E000E2B91C /* Project object */ = {
			isa = PBXProject;
			attributes = {
				LastSwiftUpdateCheck = 1100;
				LastUpgradeCheck = 1100;
				ORGANIZATIONNAME = zdj;
				TargetAttributes = {
					980FFF09233C41E000E2B91C = {
						CreatedOnToolsVersion = 11.0;
					};
					980FFF1F233C41E400E2B91C = {
						CreatedOnToolsVersion = 11.0;
						TestTargetID = 980FFF09233C41E000E2B91C;
					};
					980FFF2A233C41E500E2B91C = {
						CreatedOnToolsVersion = 11.0;
						TestTargetID = 980FFF09233C41E000E2B91C;
					};
				};
			};
			buildConfigurationList = 980FFF05233C41E000E2B91C /* Build configuration list for PBXProject "ZzCalculator" */;
			compatibilityVersion = "Xcode 9.3";
			developmentRegion = en;
			hasScannedForEncodings = 0;
			knownRegions = (
				en,
				Base,
			);
			mainGroup = 980FFF01233C41E000E2B91C;
			productRefGroup = 980FFF0B233C41E000E2B91C /* Products */;
			projectDirPath = "";
			projectRoot = "";
			targets = (
				980FFF09233C41E000E2B91C /* ZzCalculator */,
				980FFF1F233C41E400E2B91C /* ZzCalculatorTests */,
				980FFF2A233C41E500E2B91C /* ZzCalculatorUITests */,
			);
		};
/* End PBXProject section */

/* Begin PBXResourcesBuildPhase section */
		980FFF08233C41E000E2B91C /* Resources */ = {
			isa = PBXResourcesBuildPhase;
			buildActionMask = 2147483647;
			files = (
				980FFF1A233C41E400E2B91C /* LaunchScreen.storyboard in Resources */,
				980FFF17233C41E400E2B91C /* Preview Assets.xcassets in Resources */,
				980FFF14233C41E400E2B91C /* Assets.xcassets in Resources */,
			);
			runOnlyForDeploymentPostprocessing = 0;
		};
		980FFF1E233C41E400E2B91C /* Resources */ = {
			isa = PBXResourcesBuildPhase;
			buildActionMask = 2147483647;
			files = (
			);
			runOnlyForDeploymentPostprocessing = 0;
		};
		980FFF29233C41E500E2B91C /* Resources */ = {
			isa = PBXResourcesBuildPhase;
			buildActionMask = 2147483647;
			files = (
			);
			runOnlyForDeploymentPostprocessing = 0;
		};
/* End PBXResourcesBuildPhase section */

/* Begin PBXSourcesBuildPhase section */
		980FFF06233C41E000E2B91C /* Sources */ = {
			isa = PBXSourcesBuildPhase;
			buildActionMask = 2147483647;
			files = (
				980FFF0E233C41E000E2B91C /* AppDelegate.swift in Sources */,
				980FFF10233C41E000E2B91C /* SceneDelegate.swift in Sources */,
				986CF374233C510A0083CA89 /* CalculatorButtonItem.swift in Sources */,
				986CF376233C992A0083CA89 /* CalculatorBrain.swift in Sources */,
				980FFF12233C41E000E2B91C /* ContentView.swift in Sources */,
			);
			runOnlyForDeploymentPostprocessing = 0;
		};
		980FFF1C233C41E400E2B91C /* Sources */ = {
			isa = PBXSourcesBuildPhase;
			buildActionMask = 2147483647;
			files = (
				980FFF25233C41E400E2B91C /* ZzCalculatorTests.swift in Sources */,
			);
			runOnlyForDeploymentPostprocessing = 0;
		};
		980FFF27233C41E500E2B91C /* Sources */ = {
			isa = PBXSourcesBuildPhase;
			buildActionMask = 2147483647;
			files = (
				980FFF30233C41E500E2B91C /* ZzCalculatorUITests.swift in Sources */,
			);
			runOnlyForDeploymentPostprocessing = 0;
		};
/* End PBXSourcesBuildPhase section */

/* Begin PBXTargetDependency section */
		980FFF22233C41E400E2B91C /* PBXTargetDependency */ = {
			isa = PBXTargetDependency;
			target = 980FFF09233C41E000E2B91C /* ZzCalculator */;
			targetProxy = 980FFF21233C41E400E2B91C /* PBXContainerItemProxy */;
		};
		980FFF2D233C41E500E2B91C /* PBXTargetDependency */ = {
			isa = PBXTargetDependency;
			target = 980FFF09233C41E000E2B91C /* ZzCalculator */;
			targetProxy = 980FFF2C233C41E500E2B91C /* PBXContainerItemProxy */;
		};
/* End PBXTargetDependency section */

/* Begin PBXVariantGroup section */
		980FFF18233C41E400E2B91C /* LaunchScreen.storyboard */ = {
			isa = PBXVariantGroup;
			children = (
				980FFF19233C41E400E2B91C /* Base */,
			);
			name = LaunchScreen.storyboard;
			sourceTree = "<group>";
		};
/* End PBXVariantGroup section */

/* Begin XCBuildConfiguration section */
		980FFF32233C41E500E2B91C /* Debug */ = {
			isa = XCBuildConfiguration;
			buildSettings = {
				ALWAYS_SEARCH_USER_PATHS = NO;
				CLANG_ANALYZER_NONNULL = YES;
				CLANG_ANALYZER_NUMBER_OBJECT_CONVERSION = YES_AGGRESSIVE;
				CLANG_CXX_LANGUAGE_STANDARD = "gnu++14";
				CLANG_CXX_LIBRARY = "libc++";
				CLANG_ENABLE_MODULES = YES;
				CLANG_ENABLE_OBJC_ARC = YES;
				CLANG_ENABLE_OBJC_WEAK = YES;
				CLANG_WARN_BLOCK_CAPTURE_AUTORELEASING = YES;
				CLANG_WARN_BOOL_CONVERSION = YES;
				CLANG_WARN_COMMA = YES;
				CLANG_WARN_CONSTANT_CONVERSION = YES;
				CLANG_WARN_DEPRECATED_OBJC_IMPLEMENTATIONS = YES;
				CLANG_WARN_DIRECT_OBJC_ISA_USAGE = YES_ERROR;
				CLANG_WARN_DOCUMENTATION_COMMENTS = YES;
				CLANG_WARN_EMPTY_BODY = YES;
				CLANG_WARN_ENUM_CONVERSION = YES;
				CLANG_WARN_INFINITE_RECURSION = YES;
				CLANG_WARN_INT_CONVERSION = YES;
				CLANG_WARN_NON_LITERAL_NULL_CONVERSION = YES;
				CLANG_WARN_OBJC_IMPLICIT_RETAIN_SELF = YES;
				CLANG_WARN_OBJC_LITERAL_CONVERSION = YES;
				CLANG_WARN_OBJC_ROOT_CLASS = YES_ERROR;
				CLANG_WARN_RANGE_LOOP_ANALYSIS = YES;
				CLANG_WARN_STRICT_PROTOTYPES = YES;
				CLANG_WARN_SUSPICIOUS_MOVE = YES;
				CLANG_WARN_UNGUARDED_AVAILABILITY = YES_AGGRESSIVE;
				CLANG_WARN_UNREACHABLE_CODE = YES;
				CLANG_WARN__DUPLICATE_METHOD_MATCH = YES;
				COPY_PHASE_STRIP = NO;
				DEBUG_INFORMATION_FORMAT = dwarf;
				ENABLE_STRICT_OBJC_MSGSEND = YES;
				ENABLE_TESTABILITY = YES;
				GCC_C_LANGUAGE_STANDARD = gnu11;
				GCC_DYNAMIC_NO_PIC = NO;
				GCC_NO_COMMON_BLOCKS = YES;
				GCC_OPTIMIZATION_LEVEL = 0;
				GCC_PREPROCESSOR_DEFINITIONS = (
					"DEBUG=1",
					"$(inherited)",
				);
				GCC_WARN_64_TO_32_BIT_CONVERSION = YES;
				GCC_WARN_ABOUT_RETURN_TYPE = YES_ERROR;
				GCC_WARN_UNDECLARED_SELECTOR = YES;
				GCC_WARN_UNINITIALIZED_AUTOS = YES_AGGRESSIVE;
				GCC_WARN_UNUSED_FUNCTION = YES;
				GCC_WARN_UNUSED_VARIABLE = YES;
				IPHONEOS_DEPLOYMENT_TARGET = 13.0;
				MTL_ENABLE_DEBUG_INFO = INCLUDE_SOURCE;
				MTL_FAST_MATH = YES;
				ONLY_ACTIVE_ARCH = YES;
				SDKROOT = iphoneos;
				SWIFT_ACTIVE_COMPILATION_CONDITIONS = DEBUG;
				SWIFT_OPTIMIZATION_LEVEL = "-Onone";
			};
			name = Debug;
		};
		980FFF33233C41E500E2B91C /* Release */ = {
			isa = XCBuildConfiguration;
			buildSettings = {
				ALWAYS_SEARCH_USER_PATHS = NO;
				CLANG_ANALYZER_NONNULL = YES;
				CLANG_ANALYZER_NUMBER_OBJECT_CONVERSION = YES_AGGRESSIVE;
				CLANG_CXX_LANGUAGE_STANDARD = "gnu++14";
				CLANG_CXX_LIBRARY = "libc++";
				CLANG_ENABLE_MODULES = YES;
				CLANG_ENABLE_OBJC_ARC = YES;
				CLANG_ENABLE_OBJC_WEAK = YES;
				CLANG_WARN_BLOCK_CAPTURE_AUTORELEASING = YES;
				CLANG_WARN_BOOL_CONVERSION = YES;
				CLANG_WARN_COMMA = YES;
				CLANG_WARN_CONSTANT_CONVERSION = YES;
				CLANG_WARN_DEPRECATED_OBJC_IMPLEMENTATIONS = YES;
				CLANG_WARN_DIRECT_OBJC_ISA_USAGE = YES_ERROR;
				CLANG_WARN_DOCUMENTATION_COMMENTS = YES;
				CLANG_WARN_EMPTY_BODY = YES;
				CLANG_WARN_ENUM_CONVERSION = YES;
				CLANG_WARN_INFINITE_RECURSION = YES;
				CLANG_WARN_INT_CONVERSION = YES;
				CLANG_WARN_NON_LITERAL_NULL_CONVERSION = YES;
				CLANG_WARN_OBJC_IMPLICIT_RETAIN_SELF = YES;
				CLANG_WARN_OBJC_LITERAL_CONVERSION = YES;
				CLANG_WARN_OBJC_ROOT_CLASS = YES_ERROR;
				CLANG_WARN_RANGE_LOOP_ANALYSIS = YES;
				CLANG_WARN_STRICT_PROTOTYPES = YES;
				CLANG_WARN_SUSPICIOUS_MOVE = YES;
				CLANG_WARN_UNGUARDED_AVAILABILITY = YES_AGGRESSIVE;
				CLANG_WARN_UNREACHABLE_CODE = YES;
				CLANG_WARN__DUPLICATE_METHOD_MATCH = YES;
				COPY_PHASE_STRIP = NO;
				DEBUG_INFORMATION_FORMAT = "dwarf-with-dsym";
				ENABLE_NS_ASSERTIONS = NO;
				ENABLE_STRICT_OBJC_MSGSEND = YES;
				GCC_C_LANGUAGE_STANDARD = gnu11;
				GCC_NO_COMMON_BLOCKS = YES;
				GCC_WARN_64_TO_32_BIT_CONVERSION = YES;
				GCC_WARN_ABOUT_RETURN_TYPE = YES_ERROR;
				GCC_WARN_UNDECLARED_SELECTOR = YES;
				GCC_WARN_UNINITIALIZED_AUTOS = YES_AGGRESSIVE;
				GCC_WARN_UNUSED_FUNCTION = YES;
				GCC_WARN_UNUSED_VARIABLE = YES;
				IPHONEOS_DEPLOYMENT_TARGET = 13.0;
				MTL_ENABLE_DEBUG_INFO = NO;
				MTL_FAST_MATH = YES;
				SDKROOT = iphoneos;
				SWIFT_COMPILATION_MODE = wholemodule;
				SWIFT_OPTIMIZATION_LEVEL = "-O";
				VALIDATE_PRODUCT = YES;
			};
			name = Release;
		};
		980FFF35233C41E500E2B91C /* Debug */ = {
			isa = XCBuildConfiguration;
			buildSettings = {
				ASSETCATALOG_COMPILER_APPICON_NAME = AppIcon;
				CODE_SIGN_STYLE = Automatic;
				DEVELOPMENT_ASSET_PATHS = "ZzCalculator/Preview\\ Content";
				DEVELOPMENT_TEAM = RBZ4UX882P;
				ENABLE_PREVIEWS = YES;
				INFOPLIST_FILE = ZzCalculator/Info.plist;
				LD_RUNPATH_SEARCH_PATHS = (
					"$(inherited)",
					"@executable_path/Frameworks",
				);
				PRODUCT_BUNDLE_IDENTIFIER = zdj.ZzCalculator;
				PRODUCT_NAME = "$(TARGET_NAME)";
				SWIFT_VERSION = 5.0;
				TARGETED_DEVICE_FAMILY = "1,2";
			};
			name = Debug;
		};
		980FFF36233C41E500E2B91C /* Release */ = {
			isa = XCBuildConfiguration;
			buildSettings = {
				ASSETCATALOG_COMPILER_APPICON_NAME = AppIcon;
				CODE_SIGN_STYLE = Automatic;
				DEVELOPMENT_ASSET_PATHS = "ZzCalculator/Preview\\ Content";
				DEVELOPMENT_TEAM = RBZ4UX882P;
				ENABLE_PREVIEWS = YES;
				INFOPLIST_FILE = ZzCalculator/Info.plist;
				LD_RUNPATH_SEARCH_PATHS = (
					"$(inherited)",
					"@executable_path/Frameworks",
				);
				PRODUCT_BUNDLE_IDENTIFIER = zdj.ZzCalculator;
				PRODUCT_NAME = "$(TARGET_NAME)";
				SWIFT_VERSION = 5.0;
				TARGETED_DEVICE_FAMILY = "1,2";
			};
			name = Release;
		};
		980FFF38233C41E500E2B91C /* Debug */ = {
			isa = XCBuildConfiguration;
			buildSettings = {
				ALWAYS_EMBED_SWIFT_STANDARD_LIBRARIES = YES;
				BUNDLE_LOADER = "$(TEST_HOST)";
				CODE_SIGN_STYLE = Automatic;
				DEVELOPMENT_TEAM = RBZ4UX882P;
				INFOPLIST_FILE = ZzCalculatorTests/Info.plist;
				LD_RUNPATH_SEARCH_PATHS = (
					"$(inherited)",
					"@executable_path/Frameworks",
					"@loader_path/Frameworks",
				);
				PRODUCT_BUNDLE_IDENTIFIER = zdj.ZzCalculatorTests;
				PRODUCT_NAME = "$(TARGET_NAME)";
				SWIFT_VERSION = 5.0;
				TARGETED_DEVICE_FAMILY = "1,2";
				TEST_HOST = "$(BUILT_PRODUCTS_DIR)/ZzCalculator.app/ZzCalculator";
			};
			name = Debug;
		};
		980FFF39233C41E500E2B91C /* Release */ = {
			isa = XCBuildConfiguration;
			buildSettings = {
				ALWAYS_EMBED_SWIFT_STANDARD_LIBRARIES = YES;
				BUNDLE_LOADER = "$(TEST_HOST)";
				CODE_SIGN_STYLE = Automatic;
				DEVELOPMENT_TEAM = RBZ4UX882P;
				INFOPLIST_FILE = ZzCalculatorTests/Info.plist;
				LD_RUNPATH_SEARCH_PATHS = (
					"$(inherited)",
					"@executable_path/Frameworks",
					"@loader_path/Frameworks",
				);
				PRODUCT_BUNDLE_IDENTIFIER = zdj.ZzCalculatorTests;
				PRODUCT_NAME = "$(TARGET_NAME)";
				SWIFT_VERSION = 5.0;
				TARGETED_DEVICE_FAMILY = "1,2";
				TEST_HOST = "$(BUILT_PRODUCTS_DIR)/ZzCalculator.app/ZzCalculator";
			};
			name = Release;
		};
		980FFF3B233C41E500E2B91C /* Debug */ = {
			isa = XCBuildConfiguration;
			buildSettings = {
				ALWAYS_EMBED_SWIFT_STANDARD_LIBRARIES = YES;
				CODE_SIGN_STYLE = Automatic;
				DEVELOPMENT_TEAM = RBZ4UX882P;
				INFOPLIST_FILE = ZzCalculatorUITests/Info.plist;
				LD_RUNPATH_SEARCH_PATHS = (
					"$(inherited)",
					"@executable_path/Frameworks",
					"@loader_path/Frameworks",
				);
				PRODUCT_BUNDLE_IDENTIFIER = zdj.ZzCalculatorUITests;
				PRODUCT_NAME = "$(TARGET_NAME)";
				SWIFT_VERSION = 5.0;
				TARGETED_DEVICE_FAMILY = "1,2";
				TEST_TARGET_NAME = ZzCalculator;
			};
			name = Debug;
		};
		980FFF3C233C41E500E2B91C /* Release */ = {
			isa = XCBuildConfiguration;
			buildSettings = {
				ALWAYS_EMBED_SWIFT_STANDARD_LIBRARIES = YES;
				CODE_SIGN_STYLE = Automatic;
				DEVELOPMENT_TEAM = RBZ4UX882P;
				INFOPLIST_FILE = ZzCalculatorUITests/Info.plist;
				LD_RUNPATH_SEARCH_PATHS = (
					"$(inherited)",
					"@executable_path/Frameworks",
					"@loader_path/Frameworks",
				);
				PRODUCT_BUNDLE_IDENTIFIER = zdj.ZzCalculatorUITests;
				PRODUCT_NAME = "$(TARGET_NAME)";
				SWIFT_VERSION = 5.0;
				TARGETED_DEVICE_FAMILY = "1,2";
				TEST_TARGET_NAME = ZzCalculator;
			};
			name = Release;
		};
/* End XCBuildConfiguration section */

/* Begin XCConfigurationList section */
		980FFF05233C41E000E2B91C /* Build configuration list for PBXProject "ZzCalculator" */ = {
			isa = XCConfigurationList;
			buildConfigurations = (
				980FFF32233C41E500E2B91C /* Debug */,
				980FFF33233C41E500E2B91C /* Release */,
			);
			defaultConfigurationIsVisible = 0;
			defaultConfigurationName = Release;
		};
		980FFF34233C41E500E2B91C /* Build configuration list for PBXNativeTarget "ZzCalculator" */ = {
			isa = XCConfigurationList;
			buildConfigurations = (
				980FFF35233C41E500E2B91C /* Debug */,
				980FFF36233C41E500E2B91C /* Release */,
			);
			defaultConfigurationIsVisible = 0;
			defaultConfigurationName = Release;
		};
		980FFF37233C41E500E2B91C /* Build configuration list for PBXNativeTarget "ZzCalculatorTests" */ = {
			isa = XCConfigurationList;
			buildConfigurations = (
				980FFF38233C41E500E2B91C /* Debug */,
				980FFF39233C41E500E2B91C /* Release */,
			);
			defaultConfigurationIsVisible = 0;
			defaultConfigurationName = Release;
		};
		980FFF3A233C41E500E2B91C /* Build configuration list for PBXNativeTarget "ZzCalculatorUITests" */ = {
			isa = XCConfigurationList;
			buildConfigurations = (
				980FFF3B233C41E500E2B91C /* Debug */,
				980FFF3C233C41E500E2B91C /* Release */,
			);
			defaultConfigurationIsVisible = 0;
			defaultConfigurationName = Release;
		};
/* End XCConfigurationList section */
	};
	rootObject = 980FFF02233C41E000E2B91C /* Project object */;
}
